
Microsoft Visual Studio Solution File, Format Version 12.00
# Visual Studio Version 17
VisualStudioVersion = 17.14.36202.13
MinimumVisualStudioVersion = 10.0.40219.1
Project("{2150E333-8FDC-42A3-9474-1A3956D46DE8}") = "src", "src", "{02EA681E-C7D8-13C7-8484-4AC65E1B71E8}"
EndProject
Project("{FAE04EC0-301F-11D3-BF4B-00C04F79EFBC}") = "MyMuscles.Domain", "src\MyMuscles.Domain\MyMuscles.Domain.csproj", "{2D8ACB5D-AE0E-1F79-FEA0-EB1F7D4816C4}"
EndProject
Project("{2150E333-8FDC-42A3-9474-1A3956D46DE8}") = "tests", "tests", "{3768119E-2517-4E9B-B315-0191013D5D90}"
EndProject
Project("{FAE04EC0-301F-11D3-BF4B-00C04F79EFBC}") = "MyMuscles.Domain.UnitTesting", "tests\MyMuscles.Domain.UnitTesting\MyMuscles.Domain.UnitTesting.csproj", "{9B483D88-BD4C-480E-872A-C35E977FB9CD}"
EndProject
Project("{FAE04EC0-301F-11D3-BF4B-00C04F79EFBC}") = "MyMuscles.Common.UnitTesting", "tests\MyMuscles.Common.UnitTesting\MyMuscles.Common.UnitTesting.csproj", "{F9E1D2D1-5AC2-43C6-9587-817CA39411A8}"
EndProject
Global
	GlobalSection(SolutionConfigurationPlatforms) = preSolution
		Debug|Any CPU = Debug|Any CPU
		Release|Any CPU = Release|Any CPU
	EndGlobalSection
	GlobalSection(ProjectConfigurationPlatforms) = postSolution
		{2D8ACB5D-AE0E-1F79-FEA0-EB1F7D4816C4}.Debug|Any CPU.ActiveCfg = Debug|Any CPU
		{2D8ACB5D-AE0E-1F79-FEA0-EB1F7D4816C4}.Debug|Any CPU.Build.0 = Debug|Any CPU
		{2D8ACB5D-AE0E-1F79-FEA0-EB1F7D4816C4}.Release|Any CPU.ActiveCfg = Release|Any CPU
		{2D8ACB5D-AE0E-1F79-FEA0-EB1F7D4816C4}.Release|Any CPU.Build.0 = Release|Any CPU
		{9B483D88-BD4C-480E-872A-C35E977FB9CD}.Debug|Any CPU.ActiveCfg = Debug|Any CPU
		{9B483D88-BD4C-480E-872A-C35E977FB9CD}.Debug|Any CPU.Build.0 = Debug|Any CPU
		{9B483D88-BD4C-480E-872A-C35E977FB9CD}.Release|Any CPU.ActiveCfg = Release|Any CPU
		{9B483D88-BD4C-480E-872A-C35E977FB9CD}.Release|Any CPU.Build.0 = Release|Any CPU
		{F9E1D2D1-5AC2-43C6-9587-817CA39411A8}.Debug|Any CPU.ActiveCfg = Debug|Any CPU
		{F9E1D2D1-5AC2-43C6-9587-817CA39411A8}.Debug|Any CPU.Build.0 = Debug|Any CPU
		{F9E1D2D1-5AC2-43C6-9587-817CA39411A8}.Release|Any CPU.ActiveCfg = Release|Any CPU
		{F9E1D2D1-5AC2-43C6-9587-817CA39411A8}.Release|Any CPU.Build.0 = Release|Any CPU
	EndGlobalSection
	GlobalSection(SolutionProperties) = preSolution
		HideSolutionNode = FALSE
	EndGlobalSection
	GlobalSection(NestedProjects) = preSolution
		{2D8ACB5D-AE0E-1F79-FEA0-EB1F7D4816C4} = {02EA681E-C7D8-13C7-8484-4AC65E1B71E8}
		{9B483D88-BD4C-480E-872A-C35E977FB9CD} = {3768119E-2517-4E9B-B315-0191013D5D90}
		{F9E1D2D1-5AC2-43C6-9587-817CA39411A8} = {3768119E-2517-4E9B-B315-0191013D5D90}
	EndGlobalSection
	GlobalSection(ExtensibilityGlobals) = postSolution
		SolutionGuid = {6F1CE802-1045-4B73-8B9E-475A72610F15}
	EndGlobalSection
EndGlobal
